
Microsoft Visual Studio Solution File, Format Version 12.00
# Visual Studio 15
VisualStudioVersion = 15.0.27130.2020
MinimumVisualStudioVersion = 10.0.40219.1
Project("{FAE04EC0-301F-11D3-BF4B-00C04F79EFBC}") = "LeanFtTestProject7", "LeanFtTestProject7\LeanFtTestProject7.csproj", "{57048C75-3A32-4F15-A117-00FE8928EF72}"
EndProject
Global
	GlobalSection(SolutionConfigurationPlatforms) = preSolution
		Debug|Any CPU = Debug|Any CPU
		Release|Any CPU = Release|Any CPU
	EndGlobalSection
	GlobalSection(ProjectConfigurationPlatforms) = postSolution
		{57048C75-3A32-4F15-A117-00FE8928EF72}.Debug|Any CPU.ActiveCfg = Debug|Any CPU
		{57048C75-3A32-4F15-A117-00FE8928EF72}.Debug|Any CPU.Build.0 = Debug|Any CPU
		{57048C75-3A32-4F15-A117-00FE8928EF72}.Release|Any CPU.ActiveCfg = Release|Any CPU
		{57048C75-3A32-4F15-A117-00FE8928EF72}.Release|Any CPU.Build.0 = Release|Any CPU
	EndGlobalSection
	GlobalSection(SolutionProperties) = preSolution
		HideSolutionNode = FALSE
	EndGlobalSection
	GlobalSection(ExtensibilityGlobals) = postSolution
		SolutionGuid = {67EE70FC-2780-4DC9-8CA7-5D401C0AF0D1}
	EndGlobalSection
EndGlobal
